// !$*UTF8*$!
{
	archiveVersion = 1;
	classes = {
	};
	objectVersion = 52;
	objects = {

/* Begin PBXBuildFile section */
		2FBB2E4B277298D30022BA95 /* AppDelegate.swift in Sources */ = {isa = PBXBuildFile; fileRef = 2FBB2E4A277298D30022BA95 /* AppDelegate.swift */; };
		2FBB2E4D277298D30022BA95 /* SceneDelegate.swift in Sources */ = {isa = PBXBuildFile; fileRef = 2FBB2E4C277298D30022BA95 /* SceneDelegate.swift */; };
		2FBB2E4F277298D30022BA95 /* CharactersViewController.swift in Sources */ = {isa = PBXBuildFile; fileRef = 2FBB2E4E277298D30022BA95 /* CharactersViewController.swift */; };
		2FBB2E52277298D30022BA95 /* Main.storyboard in Resources */ = {isa = PBXBuildFile; fileRef = 2FBB2E50277298D30022BA95 /* Main.storyboard */; };
		2FBB2E54277298D70022BA95 /* Assets.xcassets in Resources */ = {isa = PBXBuildFile; fileRef = 2FBB2E53277298D70022BA95 /* Assets.xcassets */; };
		2FBB2E57277298D70022BA95 /* LaunchScreen.storyboard in Resources */ = {isa = PBXBuildFile; fileRef = 2FBB2E55277298D70022BA95 /* LaunchScreen.storyboard */; };
		2FBB2E612772AC190022BA95 /* RMCharacter.swift in Sources */ = {isa = PBXBuildFile; fileRef = 2FBB2E602772AC190022BA95 /* RMCharacter.swift */; };
		2FBB2E652772B7520022BA95 /* RMLocation.swift in Sources */ = {isa = PBXBuildFile; fileRef = 2FBB2E642772B7520022BA95 /* RMLocation.swift */; };
		2FBB2E7A2773AB610022BA95 /* NetworkManager.swift in Sources */ = {isa = PBXBuildFile; fileRef = 2FBB2E792773AB610022BA95 /* NetworkManager.swift */; };
		2FBB2EA22773E0BC0022BA95 /* CharacterDetailCell.swift in Sources */ = {isa = PBXBuildFile; fileRef = 2FBB2EA12773E0BC0022BA95 /* CharacterDetailCell.swift */; };
		2FBB2EA52773E53F0022BA95 /* DetailViewController.swift in Sources */ = {isa = PBXBuildFile; fileRef = 2FBB2EA42773E53F0022BA95 /* DetailViewController.swift */; };
		2FBB2EAB27741FCA0022BA95 /* Kingfisher in Frameworks */ = {isa = PBXBuildFile; productRef = 2FBB2EAA27741FCA0022BA95 /* Kingfisher */; };
/* End PBXBuildFile section */

/* Begin PBXFileReference section */
		2FBB2E47277298D30022BA95 /* RMDB.app */ = {isa = PBXFileReference; explicitFileType = wrapper.application; includeInIndex = 0; path = RMDB.app; sourceTree = BUILT_PRODUCTS_DIR; };
		2FBB2E4A277298D30022BA95 /* AppDelegate.swift */ = {isa = PBXFileReference; lastKnownFileType = sourcecode.swift; path = AppDelegate.swift; sourceTree = "<group>"; };
		2FBB2E4C277298D30022BA95 /* SceneDelegate.swift */ = {isa = PBXFileReference; lastKnownFileType = sourcecode.swift; path = SceneDelegate.swift; sourceTree = "<group>"; };
		2FBB2E4E277298D30022BA95 /* CharactersViewController.swift */ = {isa = PBXFileReference; lastKnownFileType = sourcecode.swift; path = CharactersViewController.swift; sourceTree = "<group>"; };
		2FBB2E51277298D30022BA95 /* Base */ = {isa = PBXFileReference; lastKnownFileType = file.storyboard; name = Base; path = Base.lproj/Main.storyboard; sourceTree = "<group>"; };
		2FBB2E53277298D70022BA95 /* Assets.xcassets */ = {isa = PBXFileReference; lastKnownFileType = folder.assetcatalog; path = Assets.xcassets; sourceTree = "<group>"; };
		2FBB2E56277298D70022BA95 /* Base */ = {isa = PBXFileReference; lastKnownFileType = file.storyboard; name = Base; path = Base.lproj/LaunchScreen.storyboard; sourceTree = "<group>"; };
		2FBB2E58277298D70022BA95 /* Info.plist */ = {isa = PBXFileReference; lastKnownFileType = text.plist.xml; path = Info.plist; sourceTree = "<group>"; };
		2FBB2E602772AC190022BA95 /* RMCharacter.swift */ = {isa = PBXFileReference; lastKnownFileType = sourcecode.swift; path = RMCharacter.swift; sourceTree = "<group>"; };
		2FBB2E642772B7520022BA95 /* RMLocation.swift */ = {isa = PBXFileReference; lastKnownFileType = sourcecode.swift; path = RMLocation.swift; sourceTree = "<group>"; };
		2FBB2E792773AB610022BA95 /* NetworkManager.swift */ = {isa = PBXFileReference; lastKnownFileType = sourcecode.swift; path = NetworkManager.swift; sourceTree = "<group>"; };
		2FBB2EA12773E0BC0022BA95 /* CharacterDetailCell.swift */ = {isa = PBXFileReference; lastKnownFileType = sourcecode.swift; path = CharacterDetailCell.swift; sourceTree = "<group>"; };
		2FBB2EA42773E53F0022BA95 /* DetailViewController.swift */ = {isa = PBXFileReference; lastKnownFileType = sourcecode.swift; path = DetailViewController.swift; sourceTree = "<group>"; };
/* End PBXFileReference section */

/* Begin PBXFrameworksBuildPhase section */
		2FBB2E44277298D30022BA95 /* Frameworks */ = {
			isa = PBXFrameworksBuildPhase;
			buildActionMask = 2147483647;
			files = (
				2FBB2EAB27741FCA0022BA95 /* Kingfisher in Frameworks */,
			);
			runOnlyForDeploymentPostprocessing = 0;
		};
/* End PBXFrameworksBuildPhase section */

/* Begin PBXGroup section */
		2FBB2E3E277298D30022BA95 = {
			isa = PBXGroup;
			children = (
				2FBB2E49277298D30022BA95 /* RMDB */,
				2FBB2E48277298D30022BA95 /* Products */,
			);
			sourceTree = "<group>";
		};
		2FBB2E48277298D30022BA95 /* Products */ = {
			isa = PBXGroup;
			children = (
				2FBB2E47277298D30022BA95 /* RMDB.app */,
			);
			name = Products;
			sourceTree = "<group>";
		};
		2FBB2E49277298D30022BA95 /* RMDB */ = {
			isa = PBXGroup;
			children = (
				2FBB2E762773A1950022BA95 /* Views */,
				2FBB2E632772B57C0022BA95 /* Models */,
				2FBB2E4A277298D30022BA95 /* AppDelegate.swift */,
				2FBB2E4C277298D30022BA95 /* SceneDelegate.swift */,
				2FBB2E53277298D70022BA95 /* Assets.xcassets */,
				2FBB2E55277298D70022BA95 /* LaunchScreen.storyboard */,
				2FBB2E58277298D70022BA95 /* Info.plist */,
				2FBB2E792773AB610022BA95 /* NetworkManager.swift */,
			);
			path = RMDB;
			sourceTree = "<group>";
		};
		2FBB2E632772B57C0022BA95 /* Models */ = {
			isa = PBXGroup;
			children = (
				2FBB2E602772AC190022BA95 /* RMCharacter.swift */,
				2FBB2E642772B7520022BA95 /* RMLocation.swift */,
			);
			path = Models;
			sourceTree = "<group>";
		};
		2FBB2E762773A1950022BA95 /* Views */ = {
			isa = PBXGroup;
			children = (
				2FBB2E50277298D30022BA95 /* Main.storyboard */,
				2FBB2EA12773E0BC0022BA95 /* CharacterDetailCell.swift */,
				2FBB2E4E277298D30022BA95 /* CharactersViewController.swift */,
				2FBB2EA42773E53F0022BA95 /* DetailViewController.swift */,
			);
			path = Views;
			sourceTree = "<group>";
		};
/* End PBXGroup section */

/* Begin PBXNativeTarget section */
		2FBB2E46277298D30022BA95 /* RMDB */ = {
			isa = PBXNativeTarget;
			buildConfigurationList = 2FBB2E5B277298D70022BA95 /* Build configuration list for PBXNativeTarget "RMDB" */;
			buildPhases = (
				2FBB2E43277298D30022BA95 /* Sources */,
				2FBB2E44277298D30022BA95 /* Frameworks */,
				2FBB2E45277298D30022BA95 /* Resources */,
			);
			buildRules = (
			);
			dependencies = (
			);
			name = RMDB;
			packageProductDependencies = (
				2FBB2EAA27741FCA0022BA95 /* Kingfisher */,
			);
			productName = RMDB;
			productReference = 2FBB2E47277298D30022BA95 /* RMDB.app */;
			productType = "com.apple.product-type.application";
		};
/* End PBXNativeTarget section */

/* Begin PBXProject section */
		2FBB2E3F277298D30022BA95 /* Project object */ = {
			isa = PBXProject;
			attributes = {
				LastSwiftUpdateCheck = 1240;
				LastUpgradeCheck = 1240;
				TargetAttributes = {
					2FBB2E46277298D30022BA95 = {
						CreatedOnToolsVersion = 12.4;
					};
				};
			};
			buildConfigurationList = 2FBB2E42277298D30022BA95 /* Build configuration list for PBXProject "RMDB" */;
			compatibilityVersion = "Xcode 9.3";
			developmentRegion = en;
			hasScannedForEncodings = 0;
			knownRegions = (
				en,
				Base,
			);
			mainGroup = 2FBB2E3E277298D30022BA95;
			packageReferences = (
				2FBB2EA927741FCA0022BA95 /* XCRemoteSwiftPackageReference "Kingfisher" */,
			);
			productRefGroup = 2FBB2E48277298D30022BA95 /* Products */;
			projectDirPath = "";
			projectRoot = "";
			targets = (
				2FBB2E46277298D30022BA95 /* RMDB */,
			);
		};
/* End PBXProject section */

/* Begin PBXResourcesBuildPhase section */
		2FBB2E45277298D30022BA95 /* Resources */ = {
			isa = PBXResourcesBuildPhase;
			buildActionMask = 2147483647;
			files = (
				2FBB2E57277298D70022BA95 /* LaunchScreen.storyboard in Resources */,
				2FBB2E54277298D70022BA95 /* Assets.xcassets in Resources */,
				2FBB2E52277298D30022BA95 /* Main.storyboard in Resources */,
			);
			runOnlyForDeploymentPostprocessing = 0;
		};
/* End PBXResourcesBuildPhase section */

/* Begin PBXSourcesBuildPhase section */
		2FBB2E43277298D30022BA95 /* Sources */ = {
			isa = PBXSourcesBuildPhase;
			buildActionMask = 2147483647;
			files = (
				2FBB2E612772AC190022BA95 /* RMCharacter.swift in Sources */,
				2FBB2EA22773E0BC0022BA95 /* CharacterDetailCell.swift in Sources */,
				2FBB2E4F277298D30022BA95 /* CharactersViewController.swift in Sources */,
				2FBB2E7A2773AB610022BA95 /* NetworkManager.swift in Sources */,
				2FBB2E652772B7520022BA95 /* RMLocation.swift in Sources */,
				2FBB2EA52773E53F0022BA95 /* DetailViewController.swift in Sources */,
				2FBB2E4B277298D30022BA95 /* AppDelegate.swift in Sources */,
				2FBB2E4D277298D30022BA95 /* SceneDelegate.swift in Sources */,
			);
			runOnlyForDeploymentPostprocessing = 0;
		};
/* End PBXSourcesBuildPhase section */

/* Begin PBXVariantGroup section */
		2FBB2E50277298D30022BA95 /* Main.storyboard */ = {
			isa = PBXVariantGroup;
			children = (
				2FBB2E51277298D30022BA95 /* Base */,
			);
			name = Main.storyboard;
			sourceTree = "<group>";
		};
		2FBB2E55277298D70022BA95 /* LaunchScreen.storyboard */ = {
			isa = PBXVariantGroup;
			children = (
				2FBB2E56277298D70022BA95 /* Base */,
			);
			name = LaunchScreen.storyboard;
			sourceTree = "<group>";
		};
/* End PBXVariantGroup section */

/* Begin XCBuildConfiguration section */
		2FBB2E59277298D70022BA95 /* Debug */ = {
			isa = XCBuildConfiguration;
			buildSettings = {
				ALWAYS_SEARCH_USER_PATHS = NO;
				CLANG_ANALYZER_NONNULL = YES;
				CLANG_ANALYZER_NUMBER_OBJECT_CONVERSION = YES_AGGRESSIVE;
				CLANG_CXX_LANGUAGE_STANDARD = "gnu++14";
				CLANG_CXX_LIBRARY = "libc++";
				CLANG_ENABLE_MODULES = YES;
				CLANG_ENABLE_OBJC_ARC = YES;
				CLANG_ENABLE_OBJC_WEAK = YES;
				CLANG_WARN_BLOCK_CAPTURE_AUTORELEASING = YES;
				CLANG_WARN_BOOL_CONVERSION = YES;
				CLANG_WARN_COMMA = YES;
				CLANG_WARN_CONSTANT_CONVERSION = YES;
				CLANG_WARN_DEPRECATED_OBJC_IMPLEMENTATIONS = YES;
				CLANG_WARN_DIRECT_OBJC_ISA_USAGE = YES_ERROR;
				CLANG_WARN_DOCUMENTATION_COMMENTS = YES;
				CLANG_WARN_EMPTY_BODY = YES;
				CLANG_WARN_ENUM_CONVERSION = YES;
				CLANG_WARN_INFINITE_RECURSION = YES;
				CLANG_WARN_INT_CONVERSION = YES;
				CLANG_WARN_NON_LITERAL_NULL_CONVERSION = YES;
				CLANG_WARN_OBJC_IMPLICIT_RETAIN_SELF = YES;
				CLANG_WARN_OBJC_LITERAL_CONVERSION = YES;
				CLANG_WARN_OBJC_ROOT_CLASS = YES_ERROR;
				CLANG_WARN_QUOTED_INCLUDE_IN_FRAMEWORK_HEADER = YES;
				CLANG_WARN_RANGE_LOOP_ANALYSIS = YES;
				CLANG_WARN_STRICT_PROTOTYPES = YES;
				CLANG_WARN_SUSPICIOUS_MOVE = YES;
				CLANG_WARN_UNGUARDED_AVAILABILITY = YES_AGGRESSIVE;
				CLANG_WARN_UNREACHABLE_CODE = YES;
				CLANG_WARN__DUPLICATE_METHOD_MATCH = YES;
				COPY_PHASE_STRIP = NO;
				DEBUG_INFORMATION_FORMAT = dwarf;
				ENABLE_STRICT_OBJC_MSGSEND = YES;
				ENABLE_TESTABILITY = YES;
				GCC_C_LANGUAGE_STANDARD = gnu11;
				GCC_DYNAMIC_NO_PIC = NO;
				GCC_NO_COMMON_BLOCKS = YES;
				GCC_OPTIMIZATION_LEVEL = 0;
				GCC_PREPROCESSOR_DEFINITIONS = (
					"DEBUG=1",
					"$(inherited)",
				);
				GCC_WARN_64_TO_32_BIT_CONVERSION = YES;
				GCC_WARN_ABOUT_RETURN_TYPE = YES_ERROR;
				GCC_WARN_UNDECLARED_SELECTOR = YES;
				GCC_WARN_UNINITIALIZED_AUTOS = YES_AGGRESSIVE;
				GCC_WARN_UNUSED_FUNCTION = YES;
				GCC_WARN_UNUSED_VARIABLE = YES;
				IPHONEOS_DEPLOYMENT_TARGET = 14.4;
				MTL_ENABLE_DEBUG_INFO = INCLUDE_SOURCE;
				MTL_FAST_MATH = YES;
				ONLY_ACTIVE_ARCH = YES;
				SDKROOT = iphoneos;
				SWIFT_ACTIVE_COMPILATION_CONDITIONS = DEBUG;
				SWIFT_OPTIMIZATION_LEVEL = "-Onone";
			};
			name = Debug;
		};
		2FBB2E5A277298D70022BA95 /* Release */ = {
			isa = XCBuildConfiguration;
			buildSettings = {
				ALWAYS_SEARCH_USER_PATHS = NO;
				CLANG_ANALYZER_NONNULL = YES;
				CLANG_ANALYZER_NUMBER_OBJECT_CONVERSION = YES_AGGRESSIVE;
				CLANG_CXX_LANGUAGE_STANDARD = "gnu++14";
				CLANG_CXX_LIBRARY = "libc++";
				CLANG_ENABLE_MODULES = YES;
				CLANG_ENABLE_OBJC_ARC = YES;
				CLANG_ENABLE_OBJC_WEAK = YES;
				CLANG_WARN_BLOCK_CAPTURE_AUTORELEASING = YES;
				CLANG_WARN_BOOL_CONVERSION = YES;
				CLANG_WARN_COMMA = YES;
				CLANG_WARN_CONSTANT_CONVERSION = YES;
				CLANG_WARN_DEPRECATED_OBJC_IMPLEMENTATIONS = YES;
				CLANG_WARN_DIRECT_OBJC_ISA_USAGE = YES_ERROR;
				CLANG_WARN_DOCUMENTATION_COMMENTS = YES;
				CLANG_WARN_EMPTY_BODY = YES;
				CLANG_WARN_ENUM_CONVERSION = YES;
				CLANG_WARN_INFINITE_RECURSION = YES;
				CLANG_WARN_INT_CONVERSION = YES;
				CLANG_WARN_NON_LITERAL_NULL_CONVERSION = YES;
				CLANG_WARN_OBJC_IMPLICIT_RETAIN_SELF = YES;
				CLANG_WARN_OBJC_LITERAL_CONVERSION = YES;
				CLANG_WARN_OBJC_ROOT_CLASS = YES_ERROR;
				CLANG_WARN_QUOTED_INCLUDE_IN_FRAMEWORK_HEADER = YES;
				CLANG_WARN_RANGE_LOOP_ANALYSIS = YES;
				CLANG_WARN_STRICT_PROTOTYPES = YES;
				CLANG_WARN_SUSPICIOUS_MOVE = YES;
				CLANG_WARN_UNGUARDED_AVAILABILITY = YES_AGGRESSIVE;
				CLANG_WARN_UNREACHABLE_CODE = YES;
				CLANG_WARN__DUPLICATE_METHOD_MATCH = YES;
				COPY_PHASE_STRIP = NO;
				DEBUG_INFORMATION_FORMAT = "dwarf-with-dsym";
				ENABLE_NS_ASSERTIONS = NO;
				ENABLE_STRICT_OBJC_MSGSEND = YES;
				GCC_C_LANGUAGE_STANDARD = gnu11;
				GCC_NO_COMMON_BLOCKS = YES;
				GCC_WARN_64_TO_32_BIT_CONVERSION = YES;
				GCC_WARN_ABOUT_RETURN_TYPE = YES_ERROR;
				GCC_WARN_UNDECLARED_SELECTOR = YES;
				GCC_WARN_UNINITIALIZED_AUTOS = YES_AGGRESSIVE;
				GCC_WARN_UNUSED_FUNCTION = YES;
				GCC_WARN_UNUSED_VARIABLE = YES;
				IPHONEOS_DEPLOYMENT_TARGET = 14.4;
				MTL_ENABLE_DEBUG_INFO = NO;
				MTL_FAST_MATH = YES;
				SDKROOT = iphoneos;
				SWIFT_COMPILATION_MODE = wholemodule;
				SWIFT_OPTIMIZATION_LEVEL = "-O";
				VALIDATE_PRODUCT = YES;
			};
			name = Release;
		};
		2FBB2E5C277298D70022BA95 /* Debug */ = {
			isa = XCBuildConfiguration;
			buildSettings = {
				ASSETCATALOG_COMPILER_APPICON_NAME = AppIcon;
				ASSETCATALOG_COMPILER_GLOBAL_ACCENT_COLOR_NAME = AccentColor;
				CODE_SIGN_STYLE = Automatic;
				INFOPLIST_FILE = RMDB/Info.plist;
				LD_RUNPATH_SEARCH_PATHS = (
					"$(inherited)",
					"@executable_path/Frameworks",
				);
				PRODUCT_BUNDLE_IDENTIFIER = co.daRar.RMDB;
				PRODUCT_NAME = "$(TARGET_NAME)";
				SWIFT_VERSION = 5.0;
				TARGETED_DEVICE_FAMILY = "1,2";
			};
			name = Debug;
		};
		2FBB2E5D277298D70022BA95 /* Release */ = {
			isa = XCBuildConfiguration;
			buildSettings = {
				ASSETCATALOG_COMPILER_APPICON_NAME = AppIcon;
				ASSETCATALOG_COMPILER_GLOBAL_ACCENT_COLOR_NAME = AccentColor;
				CODE_SIGN_STYLE = Automatic;
				INFOPLIST_FILE = RMDB/Info.plist;
				LD_RUNPATH_SEARCH_PATHS = (
					"$(inherited)",
					"@executable_path/Frameworks",
				);
				PRODUCT_BUNDLE_IDENTIFIER = co.daRar.RMDB;
				PRODUCT_NAME = "$(TARGET_NAME)";
				SWIFT_VERSION = 5.0;
				TARGETED_DEVICE_FAMILY = "1,2";
			};
			name = Release;
		};
/* End XCBuildConfiguration section */

/* Begin XCConfigurationList section */
		2FBB2E42277298D30022BA95 /* Build configuration list for PBXProject "RMDB" */ = {
			isa = XCConfigurationList;
			buildConfigurations = (
				2FBB2E59277298D70022BA95 /* Debug */,
				2FBB2E5A277298D70022BA95 /* Release */,
			);
			defaultConfigurationIsVisible = 0;
			defaultConfigurationName = Release;
		};
		2FBB2E5B277298D70022BA95 /* Build configuration list for PBXNativeTarget "RMDB" */ = {
			isa = XCConfigurationList;
			buildConfigurations = (
				2FBB2E5C277298D70022BA95 /* Debug */,
				2FBB2E5D277298D70022BA95 /* Release */,
			);
			defaultConfigurationIsVisible = 0;
			defaultConfigurationName = Release;
		};
/* End XCConfigurationList section */

/* Begin XCRemoteSwiftPackageReference section */
		2FBB2EA927741FCA0022BA95 /* XCRemoteSwiftPackageReference "Kingfisher" */ = {
			isa = XCRemoteSwiftPackageReference;
			repositoryURL = "https://github.com/onevcat/Kingfisher";
			requirement = {
				kind = upToNextMajorVersion;
				minimumVersion = 7.1.2;
			};
		};
/* End XCRemoteSwiftPackageReference section */

/* Begin XCSwiftPackageProductDependency section */
		2FBB2EAA27741FCA0022BA95 /* Kingfisher */ = {
			isa = XCSwiftPackageProductDependency;
			package = 2FBB2EA927741FCA0022BA95 /* XCRemoteSwiftPackageReference "Kingfisher" */;
			productName = Kingfisher;
		};
/* End XCSwiftPackageProductDependency section */
	};
	rootObject = 2FBB2E3F277298D30022BA95 /* Project object */;
}
